# This file is autogenerated, do not edit; changes may be undone by the next 'dep ensure'.


[[projects]]
  digest = "1:f0e1bc4562c35f62b577a7a0be0fb0657f2805c637c2ac69d92b3a7d2fd91f1b"
  name = "code.cloudfoundry.org/cli"
  packages = [
    "plugin",
    "plugin/models",
  ]
  pruneopts = "UT"
  revision = "5f9ff16f99a0345f98f147765db0e36aef91c795"
  version = "v6.45.0"

[solve-meta]
  analyzer-name = "dep"
  analyzer-version = 1
  input-imports = [
    "code.cloudfoundry.org/cli/plugin",
    "code.cloudfoundry.org/cli/plugin/models",
  ]
  solver-name = "gps-cdcl"
  solver-version = 1
